
Microsoft Visual Studio Solution File, Format Version 12.00
# Visual Studio Version 17
VisualStudioVersion = 17.3.32811.315
MinimumVisualStudioVersion = 10.0.40219.1
Project("{FAE04EC0-301F-11D3-BF4B-00C04F79EFBC}") = "Buoi3", "Buoi3\Buoi3.csproj", "{3093A731-354C-4961-924D-5FE5DE023EBD}"
EndProject
Global
	GlobalSection(SolutionConfigurationPlatforms) = preSolution
		Debug|Any CPU = Debug|Any CPU
		Release|Any CPU = Release|Any CPU
	EndGlobalSection
	GlobalSection(ProjectConfigurationPlatforms) = postSolution
		{3093A731-354C-4961-924D-5FE5DE023EBD}.Debug|Any CPU.ActiveCfg = Debug|Any CPU
		{3093A731-354C-4961-924D-5FE5DE023EBD}.Debug|Any CPU.Build.0 = Debug|Any CPU
		{3093A731-354C-4961-924D-5FE5DE023EBD}.Release|Any CPU.ActiveCfg = Release|Any CPU
		{3093A731-354C-4961-924D-5FE5DE023EBD}.Release|Any CPU.Build.0 = Release|Any CPU
	EndGlobalSection
	GlobalSection(SolutionProperties) = preSolution
		HideSolutionNode = FALSE
	EndGlobalSection
	GlobalSection(ExtensibilityGlobals) = postSolution
		SolutionGuid = {5D8B5232-7300-465C-89CD-A5873A08E825}
	EndGlobalSection
EndGlobal
